
Microsoft Visual Studio Solution File, Format Version 12.00
# Visual Studio Version 17
VisualStudioVersion = 17.4.33213.308
MinimumVisualStudioVersion = 10.0.40219.1
Project("{FAE04EC0-301F-11D3-BF4B-00C04F79EFBC}") = "RazorPagesMovie", "RazorPagesMovie\RazorPagesMovie.csproj", "{626DFA59-EF8E-4CD2-839C-A2F91D816975}"
EndProject
Global
	GlobalSection(SolutionConfigurationPlatforms) = preSolution
		Debug|Any CPU = Debug|Any CPU
		Release|Any CPU = Release|Any CPU
	EndGlobalSection
	GlobalSection(ProjectConfigurationPlatforms) = postSolution
		{626DFA59-EF8E-4CD2-839C-A2F91D816975}.Debug|Any CPU.ActiveCfg = Debug|Any CPU
		{626DFA59-EF8E-4CD2-839C-A2F91D816975}.Debug|Any CPU.Build.0 = Debug|Any CPU
		{626DFA59-EF8E-4CD2-839C-A2F91D816975}.Release|Any CPU.ActiveCfg = Release|Any CPU
		{626DFA59-EF8E-4CD2-839C-A2F91D816975}.Release|Any CPU.Build.0 = Release|Any CPU
	EndGlobalSection
	GlobalSection(SolutionProperties) = preSolution
		HideSolutionNode = FALSE
	EndGlobalSection
	GlobalSection(ExtensibilityGlobals) = postSolution
		SolutionGuid = {608EE4E0-E859-4905-864F-3058E3FBE0C3}
	EndGlobalSection
EndGlobal
